
Microsoft Visual Studio Solution File, Format Version 12.00
# Visual Studio 2013
VisualStudioVersion = 12.0.21005.1
MinimumVisualStudioVersion = 10.0.40219.1
Project("{FAE04EC0-301F-11D3-BF4B-00C04F79EFBC}") = "XHRTool.BLL", "XHRTool.BLL\XHRTool.BLL.csproj", "{B58E2862-080D-4AB8-9C25-90AA7C8A48E4}"
EndProject
Project("{2150E333-8FDC-42A3-9474-1A3956D46DE8}") = "Testing", "Testing", "{E71844AB-E250-4E7C-840E-5AC256644336}"
EndProject
Project("{FAE04EC0-301F-11D3-BF4B-00C04F79EFBC}") = "XHRTool.Testing.Service", "Testing\XHRTool.Testing.Service\XHRTool.Testing.Service.csproj", "{FE7A678D-9947-455A-9480-7265B59CBF72}"
EndProject
Global
	GlobalSection(SolutionConfigurationPlatforms) = preSolution
		Debug|Any CPU = Debug|Any CPU
		Release|Any CPU = Release|Any CPU
	EndGlobalSection
	GlobalSection(ProjectConfigurationPlatforms) = postSolution
		{B58E2862-080D-4AB8-9C25-90AA7C8A48E4}.Debug|Any CPU.ActiveCfg = Debug|Any CPU
		{B58E2862-080D-4AB8-9C25-90AA7C8A48E4}.Debug|Any CPU.Build.0 = Debug|Any CPU
		{B58E2862-080D-4AB8-9C25-90AA7C8A48E4}.Release|Any CPU.ActiveCfg = Release|Any CPU
		{B58E2862-080D-4AB8-9C25-90AA7C8A48E4}.Release|Any CPU.Build.0 = Release|Any CPU
		{FE7A678D-9947-455A-9480-7265B59CBF72}.Debug|Any CPU.ActiveCfg = Debug|Any CPU
		{FE7A678D-9947-455A-9480-7265B59CBF72}.Debug|Any CPU.Build.0 = Debug|Any CPU
		{FE7A678D-9947-455A-9480-7265B59CBF72}.Release|Any CPU.ActiveCfg = Release|Any CPU
		{FE7A678D-9947-455A-9480-7265B59CBF72}.Release|Any CPU.Build.0 = Release|Any CPU
	EndGlobalSection
	GlobalSection(SolutionProperties) = preSolution
		HideSolutionNode = FALSE
	EndGlobalSection
	GlobalSection(NestedProjects) = preSolution
		{FE7A678D-9947-455A-9480-7265B59CBF72} = {E71844AB-E250-4E7C-840E-5AC256644336}
	EndGlobalSection
EndGlobal
